
Microsoft Visual Studio Solution File, Format Version 12.00
# Visual Studio Version 17
VisualStudioVersion = 17.9.34526.213
MinimumVisualStudioVersion = 10.0.40219.1
Project("{FAE04EC0-301F-11D3-BF4B-00C04F79EFBC}") = "Crud_Funcional", "Crud_Funcional.csproj", "{B27652DC-C1B0-4F97-A309-D8F8CF895130}"
EndProject
Global
	GlobalSection(SolutionConfigurationPlatforms) = preSolution
		Debug|Any CPU = Debug|Any CPU
		Release|Any CPU = Release|Any CPU
	EndGlobalSection
	GlobalSection(ProjectConfigurationPlatforms) = postSolution
		{B27652DC-C1B0-4F97-A309-D8F8CF895130}.Debug|Any CPU.ActiveCfg = Debug|Any CPU
		{B27652DC-C1B0-4F97-A309-D8F8CF895130}.Debug|Any CPU.Build.0 = Debug|Any CPU
		{B27652DC-C1B0-4F97-A309-D8F8CF895130}.Release|Any CPU.ActiveCfg = Release|Any CPU
		{B27652DC-C1B0-4F97-A309-D8F8CF895130}.Release|Any CPU.Build.0 = Release|Any CPU
	EndGlobalSection
	GlobalSection(SolutionProperties) = preSolution
		HideSolutionNode = FALSE
	EndGlobalSection
	GlobalSection(ExtensibilityGlobals) = postSolution
		SolutionGuid = {07432080-AC11-4659-AE8C-6C42DC6C99CD}
	EndGlobalSection
EndGlobal
